
Microsoft Visual Studio Solution File, Format Version 12.00
# Visual Studio Version 17
VisualStudioVersion = 17.7.34024.191
MinimumVisualStudioVersion = 10.0.40219.1
Project("{FAE04EC0-301F-11D3-BF4B-00C04F79EFBC}") = "WallCalendarMaker", "WallCalendarMaker\WallCalendarMaker.csproj", "{D4901FDD-4A2D-4F8D-9FE2-696CAB6E3D80}"
EndProject
Project("{FAE04EC0-301F-11D3-BF4B-00C04F79EFBC}") = "WallCalendarMakerCore", "WallCalendarMakerCore\WallCalendarMakerCore.csproj", "{EAE597FD-6559-450F-95CC-547DB5EA95D4}"
EndProject
Global
	GlobalSection(SolutionConfigurationPlatforms) = preSolution
		Debug|Any CPU = Debug|Any CPU
		Release|Any CPU = Release|Any CPU
	EndGlobalSection
	GlobalSection(ProjectConfigurationPlatforms) = postSolution
		{D4901FDD-4A2D-4F8D-9FE2-696CAB6E3D80}.Debug|Any CPU.ActiveCfg = Debug|Any CPU
		{D4901FDD-4A2D-4F8D-9FE2-696CAB6E3D80}.Debug|Any CPU.Build.0 = Debug|Any CPU
		{D4901FDD-4A2D-4F8D-9FE2-696CAB6E3D80}.Release|Any CPU.ActiveCfg = Release|Any CPU
		{D4901FDD-4A2D-4F8D-9FE2-696CAB6E3D80}.Release|Any CPU.Build.0 = Release|Any CPU
		{EAE597FD-6559-450F-95CC-547DB5EA95D4}.Debug|Any CPU.ActiveCfg = Debug|Any CPU
		{EAE597FD-6559-450F-95CC-547DB5EA95D4}.Debug|Any CPU.Build.0 = Debug|Any CPU
		{EAE597FD-6559-450F-95CC-547DB5EA95D4}.Release|Any CPU.ActiveCfg = Release|Any CPU
		{EAE597FD-6559-450F-95CC-547DB5EA95D4}.Release|Any CPU.Build.0 = Release|Any CPU
	EndGlobalSection
	GlobalSection(SolutionProperties) = preSolution
		HideSolutionNode = FALSE
	EndGlobalSection
	GlobalSection(ExtensibilityGlobals) = postSolution
		SolutionGuid = {AA95E4B7-B982-41D1-906D-AB729A2B3D05}
	EndGlobalSection
EndGlobal
